
Microsoft Visual Studio Solution File, Format Version 12.00
# Visual Studio Version 16
VisualStudioVersion = 16.0.30011.22
MinimumVisualStudioVersion = 10.0.40219.1
Project("{FAE04EC0-301F-11D3-BF4B-00C04F79EFBC}") = "noo", "noo.csproj", "{B53FD0DC-EBDB-42C3-A32C-F615404DF38B}"
EndProject
Global
	GlobalSection(SolutionConfigurationPlatforms) = preSolution
		Debug|Any CPU = Debug|Any CPU
		Release|Any CPU = Release|Any CPU
	EndGlobalSection
	GlobalSection(ProjectConfigurationPlatforms) = postSolution
		{B53FD0DC-EBDB-42C3-A32C-F615404DF38B}.Debug|Any CPU.ActiveCfg = Debug|Any CPU
		{B53FD0DC-EBDB-42C3-A32C-F615404DF38B}.Debug|Any CPU.Build.0 = Debug|Any CPU
		{B53FD0DC-EBDB-42C3-A32C-F615404DF38B}.Release|Any CPU.ActiveCfg = Release|Any CPU
		{B53FD0DC-EBDB-42C3-A32C-F615404DF38B}.Release|Any CPU.Build.0 = Release|Any CPU
	EndGlobalSection
	GlobalSection(SolutionProperties) = preSolution
		HideSolutionNode = FALSE
	EndGlobalSection
	GlobalSection(ExtensibilityGlobals) = postSolution
		SolutionGuid = {0E74857A-1A30-4A71-9631-B31A227E3016}
	EndGlobalSection
EndGlobal
